
Microsoft Visual Studio Solution File, Format Version 12.00
# Visual Studio Version 17
VisualStudioVersion = 17.0.32014.148
MinimumVisualStudioVersion = 10.0.40219.1
Project("{9A19103F-16F7-4668-BE54-9A1E7A4F7556}") = "Socket", "Socket\Socket.csproj", "{4C307AD9-97AB-4CE8-9E6C-0B9FF1D05A7A}"
EndProject
Project("{9A19103F-16F7-4668-BE54-9A1E7A4F7556}") = "cS_test", "cS_test\cS_test.csproj", "{1559DBE2-CAFB-4DDE-8853-846FFCCD10E2}"
EndProject
Project("{9A19103F-16F7-4668-BE54-9A1E7A4F7556}") = "s_wf_c", "s_wf_c\s_wf_c.csproj", "{33B90CE1-1EEE-4252-A63F-E305F4C28E26}"
EndProject
Project("{2150E333-8FDC-42A3-9474-1A3956D46DE8}") = "Solution Items", "Solution Items", "{DA49326C-51AF-4903-9ED2-47DDB3CE78E0}"
	ProjectSection(SolutionItems) = preProject
		.gitignore = .gitignore
		Readme.MD = Readme.MD
	EndProjectSection
EndProject
Global
	GlobalSection(SolutionConfigurationPlatforms) = preSolution
		Debug|Any CPU = Debug|Any CPU
		Release|Any CPU = Release|Any CPU
	EndGlobalSection
	GlobalSection(ProjectConfigurationPlatforms) = postSolution
		{4C307AD9-97AB-4CE8-9E6C-0B9FF1D05A7A}.Debug|Any CPU.ActiveCfg = Debug|Any CPU
		{4C307AD9-97AB-4CE8-9E6C-0B9FF1D05A7A}.Debug|Any CPU.Build.0 = Debug|Any CPU
		{4C307AD9-97AB-4CE8-9E6C-0B9FF1D05A7A}.Release|Any CPU.ActiveCfg = Release|Any CPU
		{4C307AD9-97AB-4CE8-9E6C-0B9FF1D05A7A}.Release|Any CPU.Build.0 = Release|Any CPU
		{1559DBE2-CAFB-4DDE-8853-846FFCCD10E2}.Debug|Any CPU.ActiveCfg = Debug|Any CPU
		{1559DBE2-CAFB-4DDE-8853-846FFCCD10E2}.Debug|Any CPU.Build.0 = Debug|Any CPU
		{1559DBE2-CAFB-4DDE-8853-846FFCCD10E2}.Release|Any CPU.ActiveCfg = Release|Any CPU
		{1559DBE2-CAFB-4DDE-8853-846FFCCD10E2}.Release|Any CPU.Build.0 = Release|Any CPU
		{33B90CE1-1EEE-4252-A63F-E305F4C28E26}.Debug|Any CPU.ActiveCfg = Debug|Any CPU
		{33B90CE1-1EEE-4252-A63F-E305F4C28E26}.Debug|Any CPU.Build.0 = Debug|Any CPU
		{33B90CE1-1EEE-4252-A63F-E305F4C28E26}.Release|Any CPU.ActiveCfg = Release|Any CPU
		{33B90CE1-1EEE-4252-A63F-E305F4C28E26}.Release|Any CPU.Build.0 = Release|Any CPU
	EndGlobalSection
	GlobalSection(SolutionProperties) = preSolution
		HideSolutionNode = FALSE
	EndGlobalSection
	GlobalSection(ExtensibilityGlobals) = postSolution
		SolutionGuid = {566B9017-5671-428D-A816-7FC913C07E56}
	EndGlobalSection
EndGlobal
